
Microsoft Visual Studio Solution File, Format Version 12.00
# Visual Studio Version 17
VisualStudioVersion = 17.0.31903.59
MinimumVisualStudioVersion = 10.0.40219.1
Project("{2150E333-8FDC-42A3-9474-1A3956D46DE8}") = "src", "src", "{827E0CD3-B72D-47B6-A68D-7590B98EB39B}"
EndProject
Project("{FAE04EC0-301F-11D3-BF4B-00C04F79EFBC}") = "API", "src\API\API.csproj", "{C20F1E5A-1AFC-47A3-9125-F34AFFA135E4}"
EndProject
Project("{FAE04EC0-301F-11D3-BF4B-00C04F79EFBC}") = "Application", "src\Application\Application.csproj", "{29C5FCF5-0F49-4002-9CEF-89505D0BF524}"
EndProject
Project("{FAE04EC0-301F-11D3-BF4B-00C04F79EFBC}") = "Domain", "src\Domain\Domain.csproj", "{58762A02-23ED-4BD0-B51E-EF298E8246E5}"
EndProject
Project("{FAE04EC0-301F-11D3-BF4B-00C04F79EFBC}") = "Infrastructure", "src\Infrastructure\Infrastructure.csproj", "{B1CD92DC-5E2E-44D1-8C07-7657A21D6A6B}"
EndProject
Project("{FAE04EC0-301F-11D3-BF4B-00C04F79EFBC}") = "API.Tests", "tests\API.Tests\API.Tests.csproj", "{6D0043B0-E4E9-4B3A-A65C-A79A97E4D5E4}"
EndProject
Project("{FAE04EC0-301F-11D3-BF4B-00C04F79EFBC}") = "Application.Tests", "tests\Application.Tests\Application.Tests.csproj", "{3D3E3999-2672-4726-951B-91AB7B78FA5C}"
EndProject
Global
	GlobalSection(SolutionConfigurationPlatforms) = preSolution
		Debug|Any CPU = Debug|Any CPU
		Debug|x64 = Debug|x64
		Debug|x86 = Debug|x86
		Release|Any CPU = Release|Any CPU
		Release|x64 = Release|x64
		Release|x86 = Release|x86
	EndGlobalSection
	GlobalSection(ProjectConfigurationPlatforms) = postSolution
		{C20F1E5A-1AFC-47A3-9125-F34AFFA135E4}.Debug|Any CPU.ActiveCfg = Debug|Any CPU
		{C20F1E5A-1AFC-47A3-9125-F34AFFA135E4}.Debug|Any CPU.Build.0 = Debug|Any CPU
		{C20F1E5A-1AFC-47A3-9125-F34AFFA135E4}.Debug|x64.ActiveCfg = Debug|Any CPU
		{C20F1E5A-1AFC-47A3-9125-F34AFFA135E4}.Debug|x64.Build.0 = Debug|Any CPU
		{C20F1E5A-1AFC-47A3-9125-F34AFFA135E4}.Debug|x86.ActiveCfg = Debug|Any CPU
		{C20F1E5A-1AFC-47A3-9125-F34AFFA135E4}.Debug|x86.Build.0 = Debug|Any CPU
		{C20F1E5A-1AFC-47A3-9125-F34AFFA135E4}.Release|Any CPU.ActiveCfg = Release|Any CPU
		{C20F1E5A-1AFC-47A3-9125-F34AFFA135E4}.Release|Any CPU.Build.0 = Release|Any CPU
		{C20F1E5A-1AFC-47A3-9125-F34AFFA135E4}.Release|x64.ActiveCfg = Release|Any CPU
		{C20F1E5A-1AFC-47A3-9125-F34AFFA135E4}.Release|x64.Build.0 = Release|Any CPU
		{C20F1E5A-1AFC-47A3-9125-F34AFFA135E4}.Release|x86.ActiveCfg = Release|Any CPU
		{C20F1E5A-1AFC-47A3-9125-F34AFFA135E4}.Release|x86.Build.0 = Release|Any CPU
		{29C5FCF5-0F49-4002-9CEF-89505D0BF524}.Debug|Any CPU.ActiveCfg = Debug|Any CPU
		{29C5FCF5-0F49-4002-9CEF-89505D0BF524}.Debug|Any CPU.Build.0 = Debug|Any CPU
		{29C5FCF5-0F49-4002-9CEF-89505D0BF524}.Debug|x64.ActiveCfg = Debug|Any CPU
		{29C5FCF5-0F49-4002-9CEF-89505D0BF524}.Debug|x64.Build.0 = Debug|Any CPU
		{29C5FCF5-0F49-4002-9CEF-89505D0BF524}.Debug|x86.ActiveCfg = Debug|Any CPU
		{29C5FCF5-0F49-4002-9CEF-89505D0BF524}.Debug|x86.Build.0 = Debug|Any CPU
		{29C5FCF5-0F49-4002-9CEF-89505D0BF524}.Release|Any CPU.ActiveCfg = Release|Any CPU
		{29C5FCF5-0F49-4002-9CEF-89505D0BF524}.Release|Any CPU.Build.0 = Release|Any CPU
		{29C5FCF5-0F49-4002-9CEF-89505D0BF524}.Release|x64.ActiveCfg = Release|Any CPU
		{29C5FCF5-0F49-4002-9CEF-89505D0BF524}.Release|x64.Build.0 = Release|Any CPU
		{29C5FCF5-0F49-4002-9CEF-89505D0BF524}.Release|x86.ActiveCfg = Release|Any CPU
		{29C5FCF5-0F49-4002-9CEF-89505D0BF524}.Release|x86.Build.0 = Release|Any CPU
		{58762A02-23ED-4BD0-B51E-EF298E8246E5}.Debug|Any CPU.ActiveCfg = Debug|Any CPU
		{58762A02-23ED-4BD0-B51E-EF298E8246E5}.Debug|Any CPU.Build.0 = Debug|Any CPU
		{58762A02-23ED-4BD0-B51E-EF298E8246E5}.Debug|x64.ActiveCfg = Debug|Any CPU
		{58762A02-23ED-4BD0-B51E-EF298E8246E5}.Debug|x64.Build.0 = Debug|Any CPU
		{58762A02-23ED-4BD0-B51E-EF298E8246E5}.Debug|x86.ActiveCfg = Debug|Any CPU
		{58762A02-23ED-4BD0-B51E-EF298E8246E5}.Debug|x86.Build.0 = Debug|Any CPU
		{58762A02-23ED-4BD0-B51E-EF298E8246E5}.Release|Any CPU.ActiveCfg = Release|Any CPU
		{58762A02-23ED-4BD0-B51E-EF298E8246E5}.Release|Any CPU.Build.0 = Release|Any CPU
		{58762A02-23ED-4BD0-B51E-EF298E8246E5}.Release|x64.ActiveCfg = Release|Any CPU
		{58762A02-23ED-4BD0-B51E-EF298E8246E5}.Release|x64.Build.0 = Release|Any CPU
		{58762A02-23ED-4BD0-B51E-EF298E8246E5}.Release|x86.ActiveCfg = Release|Any CPU
		{58762A02-23ED-4BD0-B51E-EF298E8246E5}.Release|x86.Build.0 = Release|Any CPU
		{B1CD92DC-5E2E-44D1-8C07-7657A21D6A6B}.Debug|Any CPU.ActiveCfg = Debug|Any CPU
		{B1CD92DC-5E2E-44D1-8C07-7657A21D6A6B}.Debug|Any CPU.Build.0 = Debug|Any CPU
		{B1CD92DC-5E2E-44D1-8C07-7657A21D6A6B}.Debug|x64.ActiveCfg = Debug|Any CPU
		{B1CD92DC-5E2E-44D1-8C07-7657A21D6A6B}.Debug|x64.Build.0 = Debug|Any CPU
		{B1CD92DC-5E2E-44D1-8C07-7657A21D6A6B}.Debug|x86.ActiveCfg = Debug|Any CPU
		{B1CD92DC-5E2E-44D1-8C07-7657A21D6A6B}.Debug|x86.Build.0 = Debug|Any CPU
		{B1CD92DC-5E2E-44D1-8C07-7657A21D6A6B}.Release|Any CPU.ActiveCfg = Release|Any CPU
		{B1CD92DC-5E2E-44D1-8C07-7657A21D6A6B}.Release|Any CPU.Build.0 = Release|Any CPU
		{B1CD92DC-5E2E-44D1-8C07-7657A21D6A6B}.Release|x64.ActiveCfg = Release|Any CPU
		{B1CD92DC-5E2E-44D1-8C07-7657A21D6A6B}.Release|x64.Build.0 = Release|Any CPU
		{B1CD92DC-5E2E-44D1-8C07-7657A21D6A6B}.Release|x86.ActiveCfg = Release|Any CPU
		{B1CD92DC-5E2E-44D1-8C07-7657A21D6A6B}.Release|x86.Build.0 = Release|Any CPU
		{6D0043B0-E4E9-4B3A-A65C-A79A97E4D5E4}.Debug|Any CPU.ActiveCfg = Debug|Any CPU
		{6D0043B0-E4E9-4B3A-A65C-A79A97E4D5E4}.Debug|Any CPU.Build.0 = Debug|Any CPU
		{6D0043B0-E4E9-4B3A-A65C-A79A97E4D5E4}.Debug|x64.ActiveCfg = Debug|Any CPU
		{6D0043B0-E4E9-4B3A-A65C-A79A97E4D5E4}.Debug|x64.Build.0 = Debug|Any CPU
		{6D0043B0-E4E9-4B3A-A65C-A79A97E4D5E4}.Debug|x86.ActiveCfg = Debug|Any CPU
		{6D0043B0-E4E9-4B3A-A65C-A79A97E4D5E4}.Debug|x86.Build.0 = Debug|Any CPU
		{6D0043B0-E4E9-4B3A-A65C-A79A97E4D5E4}.Release|Any CPU.ActiveCfg = Release|Any CPU
		{6D0043B0-E4E9-4B3A-A65C-A79A97E4D5E4}.Release|Any CPU.Build.0 = Release|Any CPU
		{6D0043B0-E4E9-4B3A-A65C-A79A97E4D5E4}.Release|x64.ActiveCfg = Release|Any CPU
		{6D0043B0-E4E9-4B3A-A65C-A79A97E4D5E4}.Release|x64.Build.0 = Release|Any CPU
		{6D0043B0-E4E9-4B3A-A65C-A79A97E4D5E4}.Release|x86.ActiveCfg = Release|Any CPU
		{6D0043B0-E4E9-4B3A-A65C-A79A97E4D5E4}.Release|x86.Build.0 = Release|Any CPU
		{3D3E3999-2672-4726-951B-91AB7B78FA5C}.Debug|Any CPU.ActiveCfg = Debug|Any CPU
		{3D3E3999-2672-4726-951B-91AB7B78FA5C}.Debug|Any CPU.Build.0 = Debug|Any CPU
		{3D3E3999-2672-4726-951B-91AB7B78FA5C}.Debug|x64.ActiveCfg = Debug|Any CPU
		{3D3E3999-2672-4726-951B-91AB7B78FA5C}.Debug|x64.Build.0 = Debug|Any CPU
		{3D3E3999-2672-4726-951B-91AB7B78FA5C}.Debug|x86.ActiveCfg = Debug|Any CPU
		{3D3E3999-2672-4726-951B-91AB7B78FA5C}.Debug|x86.Build.0 = Debug|Any CPU
		{3D3E3999-2672-4726-951B-91AB7B78FA5C}.Release|Any CPU.ActiveCfg = Release|Any CPU
		{3D3E3999-2672-4726-951B-91AB7B78FA5C}.Release|Any CPU.Build.0 = Release|Any CPU
		{3D3E3999-2672-4726-951B-91AB7B78FA5C}.Release|x64.ActiveCfg = Release|Any CPU
		{3D3E3999-2672-4726-951B-91AB7B78FA5C}.Release|x64.Build.0 = Release|Any CPU
		{3D3E3999-2672-4726-951B-91AB7B78FA5C}.Release|x86.ActiveCfg = Release|Any CPU
		{3D3E3999-2672-4726-951B-91AB7B78FA5C}.Release|x86.Build.0 = Release|Any CPU
	EndGlobalSection
	GlobalSection(SolutionProperties) = preSolution
		HideSolutionNode = FALSE
	EndGlobalSection
	GlobalSection(NestedProjects) = preSolution
		{C20F1E5A-1AFC-47A3-9125-F34AFFA135E4} = {827E0CD3-B72D-47B6-A68D-7590B98EB39B}
		{29C5FCF5-0F49-4002-9CEF-89505D0BF524} = {827E0CD3-B72D-47B6-A68D-7590B98EB39B}
		{58762A02-23ED-4BD0-B51E-EF298E8246E5} = {827E0CD3-B72D-47B6-A68D-7590B98EB39B}
		{B1CD92DC-5E2E-44D1-8C07-7657A21D6A6B} = {827E0CD3-B72D-47B6-A68D-7590B98EB39B}
		{6D0043B0-E4E9-4B3A-A65C-A79A97E4D5E4} = {827E0CD3-B72D-47B6-A68D-7590B98EB39B}
		{3D3E3999-2672-4726-951B-91AB7B78FA5C} = {827E0CD3-B72D-47B6-A68D-7590B98EB39B}
	EndGlobalSection
EndGlobal
